
Microsoft Visual Studio Solution File, Format Version 12.00
# Visual Studio 15
VisualStudioVersion = 15.0.28307.572
MinimumVisualStudioVersion = 10.0.40219.1
Project("{FAE04EC0-301F-11D3-BF4B-00C04F79EFBC}") = "Kirche Client", "Kirche Client\Kirche Client.csproj", "{357B2617-6D81-447C-AD9C-DA8F1AC34514}"
EndProject
Global
	GlobalSection(SolutionConfigurationPlatforms) = preSolution
		Debug|Any CPU = Debug|Any CPU
		Release|Any CPU = Release|Any CPU
	EndGlobalSection
	GlobalSection(ProjectConfigurationPlatforms) = postSolution
		{357B2617-6D81-447C-AD9C-DA8F1AC34514}.Debug|Any CPU.ActiveCfg = Debug|Any CPU
		{357B2617-6D81-447C-AD9C-DA8F1AC34514}.Debug|Any CPU.Build.0 = Debug|Any CPU
		{357B2617-6D81-447C-AD9C-DA8F1AC34514}.Release|Any CPU.ActiveCfg = Release|Any CPU
		{357B2617-6D81-447C-AD9C-DA8F1AC34514}.Release|Any CPU.Build.0 = Release|Any CPU
	EndGlobalSection
	GlobalSection(SolutionProperties) = preSolution
		HideSolutionNode = FALSE
	EndGlobalSection
	GlobalSection(ExtensibilityGlobals) = postSolution
		SolutionGuid = {9F4EA5EB-BBED-4FEB-8B10-57899F85D970}
	EndGlobalSection
EndGlobal
